
Microsoft Visual Studio Solution File, Format Version 12.00
# Visual Studio Version 16
VisualStudioVersion = 16.0.31702.278
MinimumVisualStudioVersion = 10.0.40219.1
Project("{9A19103F-16F7-4668-BE54-9A1E7A4F7556}") = "Figures", "Figures\Figures.csproj", "{9810F68D-E814-4052-817D-4D4C0CAC2AE9}"
EndProject
Project("{9A19103F-16F7-4668-BE54-9A1E7A4F7556}") = "FiguresTests", "FiguresTests\FiguresTests.csproj", "{A317CBCF-1D42-42F1-B79B-1D5A67629ECE}"
EndProject
Project("{2150E333-8FDC-42A3-9474-1A3956D46DE8}") = "Solution Items", "Solution Items", "{CCC7C8F8-26AB-4D30-A513-3CA7111EE1F9}"
	ProjectSection(SolutionItems) = preProject
		test.sql = test.sql
	EndProjectSection
EndProject
Global
	GlobalSection(SolutionConfigurationPlatforms) = preSolution
		Debug|Any CPU = Debug|Any CPU
		Release|Any CPU = Release|Any CPU
	EndGlobalSection
	GlobalSection(ProjectConfigurationPlatforms) = postSolution
		{9810F68D-E814-4052-817D-4D4C0CAC2AE9}.Debug|Any CPU.ActiveCfg = Debug|Any CPU
		{9810F68D-E814-4052-817D-4D4C0CAC2AE9}.Debug|Any CPU.Build.0 = Debug|Any CPU
		{9810F68D-E814-4052-817D-4D4C0CAC2AE9}.Release|Any CPU.ActiveCfg = Release|Any CPU
		{9810F68D-E814-4052-817D-4D4C0CAC2AE9}.Release|Any CPU.Build.0 = Release|Any CPU
		{A317CBCF-1D42-42F1-B79B-1D5A67629ECE}.Debug|Any CPU.ActiveCfg = Debug|Any CPU
		{A317CBCF-1D42-42F1-B79B-1D5A67629ECE}.Debug|Any CPU.Build.0 = Debug|Any CPU
		{A317CBCF-1D42-42F1-B79B-1D5A67629ECE}.Release|Any CPU.ActiveCfg = Release|Any CPU
		{A317CBCF-1D42-42F1-B79B-1D5A67629ECE}.Release|Any CPU.Build.0 = Release|Any CPU
	EndGlobalSection
	GlobalSection(SolutionProperties) = preSolution
		HideSolutionNode = FALSE
	EndGlobalSection
	GlobalSection(ExtensibilityGlobals) = postSolution
		SolutionGuid = {59F4C32A-AE3A-459C-B282-0E828BBD642A}
	EndGlobalSection
EndGlobal
